
Microsoft Visual Studio Solution File, Format Version 12.00
# Visual Studio 15
VisualStudioVersion = 15.0.27130.2010
MinimumVisualStudioVersion = 10.0.40219.1
Project("{FAE04EC0-301F-11D3-BF4B-00C04F79EFBC}") = "TypingApplication", "TypingApplication\TypingApplication.csproj", "{B8FC0A13-5143-4D0B-ADC5-3C29CBB28AE9}"
EndProject
Global
	GlobalSection(SolutionConfigurationPlatforms) = preSolution
		Debug|Any CPU = Debug|Any CPU
		Release|Any CPU = Release|Any CPU
	EndGlobalSection
	GlobalSection(ProjectConfigurationPlatforms) = postSolution
		{B8FC0A13-5143-4D0B-ADC5-3C29CBB28AE9}.Debug|Any CPU.ActiveCfg = Debug|Any CPU
		{B8FC0A13-5143-4D0B-ADC5-3C29CBB28AE9}.Debug|Any CPU.Build.0 = Debug|Any CPU
		{B8FC0A13-5143-4D0B-ADC5-3C29CBB28AE9}.Release|Any CPU.ActiveCfg = Release|Any CPU
		{B8FC0A13-5143-4D0B-ADC5-3C29CBB28AE9}.Release|Any CPU.Build.0 = Release|Any CPU
	EndGlobalSection
	GlobalSection(SolutionProperties) = preSolution
		HideSolutionNode = FALSE
	EndGlobalSection
	GlobalSection(ExtensibilityGlobals) = postSolution
		SolutionGuid = {E86CD98D-8C9E-4175-823D-0FE78AA7C90E}
	EndGlobalSection
EndGlobal
